<?xml version="1.0" encoding="utf-8"?>
<Project ToolsVersion="4.0" xmlns="http://schemas.microsoft.com/developer/msbuild/2003">
  <ItemGroup>
    <Filter Include="Source Files">
      <UniqueIdentifier>{4FC737F1-C7A5-4376-A066-2A32D752A2FF}</UniqueIdentifier>
      <Extensions>cpp;c;cc;cxx;def;odl;idl;hpj;bat;asm;asmx</Extensions>
    </Filter>
    <Filter Include="Header Files">
      <UniqueIdentifier>{93995380-89BD-4b04-88EB-625FBE52EBFB}</UniqueIdentifier>
      <Extensions>h;hh;hpp;hxx;hm;inl;inc;xsd</Extensions>
    </Filter>
    <Filter Include="Resource Files">
      <UniqueIdentifier>{D9D6E242-F8AF-46E4-B9FD-80ECBC20BA3E}</UniqueIdentifier>
      <Extensions>qrc;*</Extensions>
      <ParseFiles>false</ParseFiles>
    </Filter>
    <Filter Include="Form Files">
      <UniqueIdentifier>{99349809-55BA-4b9d-BF79-8FDBB0286EB3}</UniqueIdentifier>
      <Extensions>ui</Extensions>
    </Filter>
    <Filter Include="Resource Files">
      <UniqueIdentifier>{D9D6E242-F8AF-46E4-B9FD-80ECBC20BA3E}</UniqueIdentifier>
      <Extensions>qrc;*</Extensions>
      <ParseFiles>false</ParseFiles>
    </Filter>
    <Filter Include="Generated Files">
      <UniqueIdentifier>{71ED8ED8-ACB9-4CE9-BBE1-E00B30144E11}</UniqueIdentifier>
      <Extensions>moc;h;cpp</Extensions>
      <SourceControlFiles>False</SourceControlFiles>
    </Filter>
  </ItemGroup>
  <ItemGroup>
    <ClCompile Include="src\window\SimpleCalendarCreator.cpp">
      <Filter>Source Files</Filter>
    </ClCompile>
    <ClCompile Include="src\main.cpp">
      <Filter>Source Files</Filter>
    </ClCompile>
    <ClCompile Include="src\command\AddObject.cpp">
      <Filter>Source Files</Filter>
    </ClCompile>
    <ClCompile Include="src\command\RemoveObject.cpp">
      <Filter>Source Files</Filter>
    </ClCompile>
    <ClCompile Include="src\element\CustomListWidgetItem.cpp">
      <Filter>Source Files</Filter>
    </ClCompile>
    <ClCompile Include="src\window\ObjectCreator.cpp">
      <Filter>Source Files</Filter>
    </ClCompile>
    <ClCompile Include="src\element\Line.cpp">
      <Filter>Source Files</Filter>
    </ClCompile>
    <ClCompile Include="src\window\CalendarResizer.cpp">
      <Filter>Source Files</Filter>
    </ClCompile>
    <ClCompile Include="src\command\ResizeCalendar.cpp">
      <Filter>Source Files</Filter>
    </ClCompile>
    <ClCompile Include="src\command\UndoHistory.cpp">
      <Filter>Source Files</Filter>
    </ClCompile>
    <ClCompile Include="src\window\PreviewWindow.cpp">
      <Filter>Source Files</Filter>
    </ClCompile>
    <ClCompile Include="src\window\object_editor\EditLine.cpp">
      <Filter>Source Files</Filter>
    </ClCompile>
    <ClCompile Include="src\command\object_properties_modifier\LineObject.cpp">
      <Filter>Source Files</Filter>
    </ClCompile>
    <ClCompile Include="src\element\CalendarObjectFactory.cpp">
      <Filter>Source Files</Filter>
    </ClCompile>
    <ClCompile Include="src\element\Rectangle.cpp">
      <Filter>Source Files</Filter>
    </ClCompile>
    <ClCompile Include="src\window\object_editor\EditRectangle.cpp">
      <Filter>Source Files</Filter>
    </ClCompile>
    <ClCompile Include="src\element\Ellipse.cpp">
      <Filter>Source Files</Filter>
    </ClCompile>
    <ClCompile Include="src\window\object_editor\EditEllipse.cpp">
      <Filter>Source Files</Filter>
    </ClCompile>
    <ClCompile Include="src\element\Text.cpp">
      <Filter>Source Files</Filter>
    </ClCompile>
    <ClCompile Include="src\window\object_editor\EditText.cpp">
      <Filter>Source Files</Filter>
    </ClCompile>
    <ClCompile Include="src\element\TemplatedText.cpp">
      <Filter>Source Files</Filter>
    </ClCompile>
    <ClCompile Include="src\window\object_editor\EditTemplatedText.cpp">
      <Filter>Source Files</Filter>
    </ClCompile>
    <ClCompile Include="src\element\MonthTitle.cpp">
      <Filter>Source Files</Filter>
    </ClCompile>
    <ClCompile Include="src\window\object_editor\EditMonthTitle.cpp">
      <Filter>Source Files</Filter>
    </ClCompile>
    <ClCompile Include="src\window\EditProjectInfo.cpp">
      <Filter>Source Files</Filter>
    </ClCompile>
    <ClCompile Include="src\window\object_editor\EditWeakTitle.cpp">
      <Filter>Source Files</Filter>
    </ClCompile>
    <ClCompile Include="src\element\WeakTitle.cpp">
      <Filter>Source Files</Filter>
    </ClCompile>
  </ItemGroup>
  <ItemGroup>
    <QtRcc Include="SimpleCalendarCreator.qrc">
      <Filter>Resource Files</Filter>
    </QtRcc>
  </ItemGroup>
  <ItemGroup>
    <QtMoc Include="src\window\SimpleCalendarCreator.hpp">
      <Filter>Header Files</Filter>
    </QtMoc>
    <QtMoc Include="src\window\ObjectCreator.hpp">
      <Filter>Header Files</Filter>
    </QtMoc>
    <QtMoc Include="src\window\CalendarResizer.hpp">
      <Filter>Header Files</Filter>
    </QtMoc>
    <QtMoc Include="src\window\PreviewWindow.hpp">
      <Filter>Header Files</Filter>
    </QtMoc>
    <QtMoc Include="src\window\object_editor\EditLine.hpp">
      <Filter>Header Files</Filter>
    </QtMoc>
    <QtMoc Include="src\command\object_properties_modifier\LineObject.hpp">
      <Filter>Header Files</Filter>
    </QtMoc>
    <QtMoc Include="src\window\object_editor\EditRectangle.hpp">
      <Filter>Header Files</Filter>
    </QtMoc>
    <QtMoc Include="src\window\object_editor\EditEllipse.hpp">
      <Filter>Header Files</Filter>
    </QtMoc>
    <QtMoc Include="src\window\object_editor\EditText.hpp">
      <Filter>Header Files</Filter>
    </QtMoc>
    <QtMoc Include="src\window\object_editor\EditTemplatedText.hpp">
      <Filter>Header Files</Filter>
    </QtMoc>
    <QtMoc Include="src\window\object_editor\EditMonthTitle.hpp">
      <Filter>Header Files</Filter>
    </QtMoc>
    <QtMoc Include="src\window\EditProjectInfo.hpp">
      <Filter>Header Files</Filter>
    </QtMoc>
    <QtMoc Include="src\window\object_editor\EditWeakTitle.hpp">
      <Filter>Header Files</Filter>
    </QtMoc>
  </ItemGroup>
  <ItemGroup>
    <QtUic Include="src\window\SimpleCalendarCreator.ui">
      <Filter>Form Files</Filter>
    </QtUic>
    <QtUic Include="src\window\ObjectCreator.ui">
      <Filter>Form Files</Filter>
    </QtUic>
    <QtUic Include="src\window\CalendarResizer.ui">
      <Filter>Form Files</Filter>
    </QtUic>
    <QtUic Include="src\window\PreviewWindow.ui">
      <Filter>Form Files</Filter>
    </QtUic>
    <QtUic Include="src\window\object_editor\EditLine.ui">
      <Filter>Form Files</Filter>
    </QtUic>
    <QtUic Include="src\window\object_editor\EditRectangle.ui">
      <Filter>Form Files</Filter>
    </QtUic>
    <QtUic Include="src\window\object_editor\EditEllipse.ui">
      <Filter>Form Files</Filter>
    </QtUic>
    <QtUic Include="src\window\object_editor\EditText.ui">
      <Filter>Form Files</Filter>
    </QtUic>
    <QtUic Include="src\window\object_editor\EditTemplatedText.ui">
      <Filter>Form Files</Filter>
    </QtUic>
    <QtUic Include="src\window\object_editor\EditMonthTitle.ui">
      <Filter>Form Files</Filter>
    </QtUic>
    <QtUic Include="src\window\EditProjectInfo.ui">
      <Filter>Form Files</Filter>
    </QtUic>
    <QtUic Include="src\window\object_editor\EditWeakTitle.ui">
      <Filter>Form Files</Filter>
    </QtUic>
  </ItemGroup>
  <ItemGroup>
    <ClInclude Include="src\command\Command.hpp">
      <Filter>Header Files</Filter>
    </ClInclude>
    <ClInclude Include="src\command\AddObject.hpp">
      <Filter>Header Files</Filter>
    </ClInclude>
    <ClInclude Include="src\command\RemoveObject.hpp">
      <Filter>Header Files</Filter>
    </ClInclude>
    <ClInclude Include="src\element\Element.hpp">
      <Filter>Header Files</Filter>
    </ClInclude>
    <ClInclude Include="src\element\CustomListWidgetItem.hpp">
      <Filter>Header Files</Filter>
    </ClInclude>
    <ClInclude Include="src\element\Line.hpp">
      <Filter>Header Files</Filter>
    </ClInclude>
    <ClInclude Include="src\command\ResizeCalendar.hpp">
      <Filter>Header Files</Filter>
    </ClInclude>
    <ClInclude Include="src\command\UndoHistory.hpp">
      <Filter>Header Files</Filter>
    </ClInclude>
    <ClInclude Include="src\element\CalendarObjectFactory.hpp">
      <Filter>Header Files</Filter>
    </ClInclude>
    <ClInclude Include="src\element\Rectangle.hpp">
      <Filter>Header Files</Filter>
    </ClInclude>
    <ClInclude Include="src\command\ChangeObjectProperties.hpp">
      <Filter>Header Files</Filter>
    </ClInclude>
    <ClInclude Include="src\element\Ellipse.hpp">
      <Filter>Header Files</Filter>
    </ClInclude>
    <ClInclude Include="src\element\Text.hpp">
      <Filter>Header Files</Filter>
    </ClInclude>
    <ClInclude Include="src\element\TemplatedText.hpp">
      <Filter>Header Files</Filter>
    </ClInclude>
    <ClInclude Include="src\element\MonthTitle.hpp">
      <Filter>Header Files</Filter>
    </ClInclude>
    <ClInclude Include="src\element\WeakTitle.hpp">
      <Filter>Header Files</Filter>
    </ClInclude>
  </ItemGroup>
  <ItemGroup>
    <None Include="cpp.hint" />
  </ItemGroup>
</Project>